golang.org/x/text v0.15.0 h1:h1V/4gjBv8v9cjcR6+AR5+/cIYK5N/WAgiv4xlsEtAk=
golang.org/x/text v0.15.0/go.mod h1:18ZOQIKpY8NJVqYksKHtTdi31H5itFRjB5/qKTNYzSU=
graphics.gd v0.0.0-20250106002323-e0f7095af53f h1:mJip17kWSaR++2HmAYI+QiYudnLHd2jf05LHfm/EvMA=
graphics.gd v0.0.0-20250106002323-e0f7095af53f/go.mod h1:RMdoN+VfxCLNREjtVL346Ip7lOtePp6s1TXWGrO76Vs=
graphics.gd v0.0.0-20250524003507-263cd858d403 h1:UdAi7JA8YumhV9nqrS9SzhN9eGeN20bJn+NN0snF+qI=
graphics.gd v0.0.0-20250524003507-263cd858d403/go.mod h1:jB0P4sCh+O8hgbA7gi+C33jraC/tqcByguT4VCbPB2U=
grow.graphics/xy v0.0.0-20240603021049-7427233fc3a9 h1:7DTN0CCvKzohFhaeb1vNC1XackvyL4u1UwQDBzQixJo=
grow.graphics/xy v0.0.0-20240603021049-7427233fc3a9/go.mod h1:JwNaWFtFaeSmvp34kveQhSGN8dNowvLlz55K/c9bs1E=
runtime.link v0.0.0-20241203235822-266e6dd4f99d h1:HzPoM8kUlHbNziC53/jrA4x0Su2XGDLU0VAw/xs8goc=
runtime.link v0.0.0-20241203235822-266e6dd4f99d/go.mod h1:bs9lT/R79BfIAGcCHrCWiEdDec5nUNSBBjDmAvAsasU=
runtime.link v0.0.0-20250418060657-b3826493e39c h1:nR0vPr+00bURd/hFQMZRe2ywmh+h0FLCPlpcs+lqRYA=
runtime.link v0.0.0-20250418060657-b3826493e39c/go.mod h1:13rTs4Rs4/Z512Vh1Rkak+nJUERb9f4MpCZQyUrcTwM=
runtime.link v0.0.0-20250504214453-23e004e9ddb5/go.mod h1:13rTs4Rs4/Z512Vh1Rkak+nJUERb9f4MpCZQyUrcTwM=
the.quetzal.community/protocol v0.0.0-20250506115736-99a4da0894b2 h1:cntTNCOuu1LKFf1yEKwikbcE7Efe9dYikz5v0YqD9wg=
the.quetzal.community/protocol v0.0.0-20250506115736-99a4da0894b2/go.mod h1:KZSF5lCt2et0LKy+UUiy+xwOU9Z35QBFgJtcvAMusfw=
