github.com/tetratelabs/wazero v1.8.2 h1:yIgLR/b2bN31bjxwXHD8a3d+BogigR952csSDdLYEv4=
github.com/tetratelabs/wazero v1.8.2/go.mod h1:yAI0XTsMBhREkM/YDAK/zNou3GoiAce1P6+rp/wQhjs=
golang.org/x/text v0.15.0 h1:h1V/4gjBv8v9cjcR6+AR5+/cIYK5N/WAgiv4xlsEtAk=
golang.org/x/text v0.15.0/go.mod h1:18ZOQIKpY8NJVqYksKHtTdi31H5itFRjB5/qKTNYzSU=
graphics.gd v0.0.0-20250524003507-263cd858d403 h1:UdAi7JA8YumhV9nqrS9SzhN9eGeN20bJn+NN0snF+qI=
graphics.gd v0.0.0-20250524003507-263cd858d403/go.mod h1:jB0P4sCh+O8hgbA7gi+C33jraC/tqcByguT4VCbPB2U=
grow.graphics/xy v0.0.0-20240603021049-7427233fc3a9 h1:7DTN0CCvKzohFhaeb1vNC1XackvyL4u1UwQDBzQixJo=
grow.graphics/xy v0.0.0-20240603021049-7427233fc3a9/go.mod h1:JwNaWFtFaeSmvp34kveQhSGN8dNowvLlz55K/c9bs1E=
runtime.link v0.0.0-20250504214453-23e004e9ddb5 h1:F/ndo3VQtr/ssBHVwckfTSpkc2LumWGDdWQwHZ7dGno=
runtime.link v0.0.0-20250504214453-23e004e9ddb5/go.mod h1:13rTs4Rs4/Z512Vh1Rkak+nJUERb9f4MpCZQyUrcTwM=
the.quetzal.community/protocol v0.0.0-20250506115736-99a4da0894b2 h1:cntTNCOuu1LKFf1yEKwikbcE7Efe9dYikz5v0YqD9wg=
the.quetzal.community/protocol v0.0.0-20250506115736-99a4da0894b2/go.mod h1:KZSF5lCt2et0LKy+UUiy+xwOU9Z35QBFgJtcvAMusfw=
